# THIS IS AN AUTOGENERATED FILE. DO NOT EDIT THIS FILE DIRECTLY.
# yarn lockfile v1


"@tuhu/miniprogram-api-typings@2.4.2-2":
  version "2.4.2-2"
  resolved "https://registry.npmjs.org/@tuhu/miniprogram-api-typings/-/miniprogram-api-typings-2.4.2-2.tgz#cbd8920789569268161ed9511ffb7ef7cadc32dd"
  integrity sha512-hyR8WRtqKZiQ22rrk/jmhh9c3Mav5Lj8PxGp/EPvr4YAFmMGk+lNHJzuZOJUgVDr8CupyY88wAaUeR3PUzfkyQ==

jgb-weapp@^1.4.7:
  version "1.4.7"
  resolved "http://registry.npm.taobao.org/jgb-weapp/download/jgb-weapp-1.4.7.tgz#d5a0b417dcab95660fdd19df8c1abf547dcac1bd"
  integrity sha1-1aC0F9yrlWYP3RnfjBq/VH3Kwb0=
  dependencies:
    "@tuhu/miniprogram-api-typings" "2.4.2-2"
    lodash "^4.17.10"
    tslib "^1.9.3"

lodash@^4.17.10:
  version "4.17.11"
  resolved "http://registry.npm.taobao.org/lodash/download/lodash-4.17.11.tgz#b39ea6229ef607ecd89e2c8df12536891cac9b8d"
  integrity sha1-s56mIp72B+zYniyN8SU2iRysm40=

tslib@^1.9.3:
  version "1.9.3"
  resolved "http://registry.npm.taobao.org/tslib/download/tslib-1.9.3.tgz#d7e4dd79245d85428c4d7e4822a79917954ca286"
  integrity sha1-1+TdeSRdhUKMTX5IIqeZF5VMooY=
